// !$*UTF8*$!
{
	archiveVersion = 1;
	classes = {
	};
	objectVersion = 51;
	objects = {

/* Begin PBXBuildFile section */
		5D81F5F8B533FB825591BAFF /* Pods_SwipeCellKit_Exemple.framework in Frameworks */ = {isa = PBXBuildFile; fileRef = 234A27F1816385ACF6228302 /* Pods_SwipeCellKit_Exemple.framework */; };
		E836861525AE2C9E0087F4DD /* AppDelegate.swift in Sources */ = {isa = PBXBuildFile; fileRef = E836861425AE2C9E0087F4DD /* AppDelegate.swift */; };
		E836861725AE2C9E0087F4DD /* SceneDelegate.swift in Sources */ = {isa = PBXBuildFile; fileRef = E836861625AE2C9E0087F4DD /* SceneDelegate.swift */; };
		E836861925AE2C9E0087F4DD /* FirstViewController.swift in Sources */ = {isa = PBXBuildFile; fileRef = E836861825AE2C9E0087F4DD /* FirstViewController.swift */; };
		E836861C25AE2C9E0087F4DD /* Main.storyboard in Resources */ = {isa = PBXBuildFile; fileRef = E836861A25AE2C9E0087F4DD /* Main.storyboard */; };
		E836861E25AE2CA00087F4DD /* Assets.xcassets in Resources */ = {isa = PBXBuildFile; fileRef = E836861D25AE2CA00087F4DD /* Assets.xcassets */; };
		E836862125AE2CA00087F4DD /* LaunchScreen.storyboard in Resources */ = {isa = PBXBuildFile; fileRef = E836861F25AE2CA00087F4DD /* LaunchScreen.storyboard */; };
		E8EB2EA425B6120400107EBF /* SwipeTableViewController.swift in Sources */ = {isa = PBXBuildFile; fileRef = E8EB2EA325B6120400107EBF /* SwipeTableViewController.swift */; };
		E8EB2EA625B6122D00107EBF /* SecondViewController.swift in Sources */ = {isa = PBXBuildFile; fileRef = E8EB2EA525B6122D00107EBF /* SecondViewController.swift */; };
/* End PBXBuildFile section */

/* Begin PBXFileReference section */
		234A27F1816385ACF6228302 /* Pods_SwipeCellKit_Exemple.framework */ = {isa = PBXFileReference; explicitFileType = wrapper.framework; includeInIndex = 0; path = Pods_SwipeCellKit_Exemple.framework; sourceTree = BUILT_PRODUCTS_DIR; };
		243B70CFEB656F802715E147 /* Pods-SwipeCellKit-Exemple.debug.xcconfig */ = {isa = PBXFileReference; includeInIndex = 1; lastKnownFileType = text.xcconfig; name = "Pods-SwipeCellKit-Exemple.debug.xcconfig"; path = "Target Support Files/Pods-SwipeCellKit-Exemple/Pods-SwipeCellKit-Exemple.debug.xcconfig"; sourceTree = "<group>"; };
		B8403941399B802100414BF9 /* Pods-SwipeCellKit-Exemple.release.xcconfig */ = {isa = PBXFileReference; includeInIndex = 1; lastKnownFileType = text.xcconfig; name = "Pods-SwipeCellKit-Exemple.release.xcconfig"; path = "Target Support Files/Pods-SwipeCellKit-Exemple/Pods-SwipeCellKit-Exemple.release.xcconfig"; sourceTree = "<group>"; };
		E836861125AE2C9E0087F4DD /* SwipeCellKit-Exemple.app */ = {isa = PBXFileReference; explicitFileType = wrapper.application; includeInIndex = 0; path = "SwipeCellKit-Exemple.app"; sourceTree = BUILT_PRODUCTS_DIR; };
		E836861425AE2C9E0087F4DD /* AppDelegate.swift */ = {isa = PBXFileReference; lastKnownFileType = sourcecode.swift; path = AppDelegate.swift; sourceTree = "<group>"; };
		E836861625AE2C9E0087F4DD /* SceneDelegate.swift */ = {isa = PBXFileReference; lastKnownFileType = sourcecode.swift; path = SceneDelegate.swift; sourceTree = "<group>"; };
		E836861825AE2C9E0087F4DD /* FirstViewController.swift */ = {isa = PBXFileReference; lastKnownFileType = sourcecode.swift; path = FirstViewController.swift; sourceTree = "<group>"; };
		E836861B25AE2C9E0087F4DD /* Base */ = {isa = PBXFileReference; lastKnownFileType = file.storyboard; name = Base; path = Base.lproj/Main.storyboard; sourceTree = "<group>"; };
		E836861D25AE2CA00087F4DD /* Assets.xcassets */ = {isa = PBXFileReference; lastKnownFileType = folder.assetcatalog; path = Assets.xcassets; sourceTree = "<group>"; };
		E836862025AE2CA00087F4DD /* Base */ = {isa = PBXFileReference; lastKnownFileType = file.storyboard; name = Base; path = Base.lproj/LaunchScreen.storyboard; sourceTree = "<group>"; };
		E836862225AE2CA00087F4DD /* Info.plist */ = {isa = PBXFileReference; lastKnownFileType = text.plist.xml; path = Info.plist; sourceTree = "<group>"; };
		E8EB2EA325B6120400107EBF /* SwipeTableViewController.swift */ = {isa = PBXFileReference; lastKnownFileType = sourcecode.swift; path = SwipeTableViewController.swift; sourceTree = "<group>"; };
		E8EB2EA525B6122D00107EBF /* SecondViewController.swift */ = {isa = PBXFileReference; lastKnownFileType = sourcecode.swift; path = SecondViewController.swift; sourceTree = "<group>"; };
/* End PBXFileReference section */

/* Begin PBXFrameworksBuildPhase section */
		E836860E25AE2C9E0087F4DD /* Frameworks */ = {
			isa = PBXFrameworksBuildPhase;
			buildActionMask = 2147483647;
			files = (
				5D81F5F8B533FB825591BAFF /* Pods_SwipeCellKit_Exemple.framework in Frameworks */,
			);
			runOnlyForDeploymentPostprocessing = 0;
		};
/* End PBXFrameworksBuildPhase section */

/* Begin PBXGroup section */
		AB0FE68367968ED89235FFB0 /* Pods */ = {
			isa = PBXGroup;
			children = (
				243B70CFEB656F802715E147 /* Pods-SwipeCellKit-Exemple.debug.xcconfig */,
				B8403941399B802100414BF9 /* Pods-SwipeCellKit-Exemple.release.xcconfig */,
			);
			path = Pods;
			sourceTree = "<group>";
		};
		CBB1D35F442175309FE28E00 /* Frameworks */ = {
			isa = PBXGroup;
			children = (
				234A27F1816385ACF6228302 /* Pods_SwipeCellKit_Exemple.framework */,
			);
			name = Frameworks;
			sourceTree = "<group>";
		};
		E836860825AE2C9E0087F4DD = {
			isa = PBXGroup;
			children = (
				E836861325AE2C9E0087F4DD /* SwipeCellKit-Exemple */,
				E836861225AE2C9E0087F4DD /* Products */,
				AB0FE68367968ED89235FFB0 /* Pods */,
				CBB1D35F442175309FE28E00 /* Frameworks */,
			);
			sourceTree = "<group>";
		};
		E836861225AE2C9E0087F4DD /* Products */ = {
			isa = PBXGroup;
			children = (
				E836861125AE2C9E0087F4DD /* SwipeCellKit-Exemple.app */,
			);
			name = Products;
			sourceTree = "<group>";
		};
		E836861325AE2C9E0087F4DD /* SwipeCellKit-Exemple */ = {
			isa = PBXGroup;
			children = (
				E836861425AE2C9E0087F4DD /* AppDelegate.swift */,
				E836861625AE2C9E0087F4DD /* SceneDelegate.swift */,
				E836861825AE2C9E0087F4DD /* FirstViewController.swift */,
				E8EB2EA525B6122D00107EBF /* SecondViewController.swift */,
				E8EB2EA325B6120400107EBF /* SwipeTableViewController.swift */,
				E836861A25AE2C9E0087F4DD /* Main.storyboard */,
				E836861D25AE2CA00087F4DD /* Assets.xcassets */,
				E836861F25AE2CA00087F4DD /* LaunchScreen.storyboard */,
				E836862225AE2CA00087F4DD /* Info.plist */,
			);
			path = "SwipeCellKit-Exemple";
			sourceTree = "<group>";
		};
/* End PBXGroup section */

/* Begin PBXNativeTarget section */
		E836861025AE2C9E0087F4DD /* SwipeCellKit-Exemple */ = {
			isa = PBXNativeTarget;
			buildConfigurationList = E836862525AE2CA00087F4DD /* Build configuration list for PBXNativeTarget "SwipeCellKit-Exemple" */;
			buildPhases = (
				A33381009094074D2B828AAC /* [CP] Check Pods Manifest.lock */,
				E836860D25AE2C9E0087F4DD /* Sources */,
				E836860E25AE2C9E0087F4DD /* Frameworks */,
				E836860F25AE2C9E0087F4DD /* Resources */,
				96766EDBC48AE3D42646A1F3 /* [CP] Embed Pods Frameworks */,
			);
			buildRules = (
			);
			dependencies = (
			);
			name = "SwipeCellKit-Exemple";
			productName = "SwipeCellKit-Exemple";
			productReference = E836861125AE2C9E0087F4DD /* SwipeCellKit-Exemple.app */;
			productType = "com.apple.product-type.application";
		};
/* End PBXNativeTarget section */

/* Begin PBXProject section */
		E836860925AE2C9E0087F4DD /* Project object */ = {
			isa = PBXProject;
			attributes = {
				LastSwiftUpdateCheck = 1160;
				LastUpgradeCheck = 1160;
				ORGANIZATIONNAME = "João Luis Santos";
				TargetAttributes = {
					E836861025AE2C9E0087F4DD = {
						CreatedOnToolsVersion = 11.6;
					};
				};
			};
			buildConfigurationList = E836860C25AE2C9E0087F4DD /* Build configuration list for PBXProject "SwipeCellKit-Exemple" */;
			compatibilityVersion = "Xcode 9.3";
			developmentRegion = en;
			hasScannedForEncodings = 0;
			knownRegions = (
				en,
				Base,
			);
			mainGroup = E836860825AE2C9E0087F4DD;
			productRefGroup = E836861225AE2C9E0087F4DD /* Products */;
			projectDirPath = "";
			projectRoot = "";
			targets = (
				E836861025AE2C9E0087F4DD /* SwipeCellKit-Exemple */,
			);
		};
/* End PBXProject section */

/* Begin PBXResourcesBuildPhase section */
		E836860F25AE2C9E0087F4DD /* Resources */ = {
			isa = PBXResourcesBuildPhase;
			buildActionMask = 2147483647;
			files = (
				E836862125AE2CA00087F4DD /* LaunchScreen.storyboard in Resources */,
				E836861E25AE2CA00087F4DD /* Assets.xcassets in Resources */,
				E836861C25AE2C9E0087F4DD /* Main.storyboard in Resources */,
			);
			runOnlyForDeploymentPostprocessing = 0;
		};
/* End PBXResourcesBuildPhase section */

/* Begin PBXShellScriptBuildPhase section */
		96766EDBC48AE3D42646A1F3 /* [CP] Embed Pods Frameworks */ = {
			isa = PBXShellScriptBuildPhase;
			buildActionMask = 2147483647;
			files = (
			);
			inputFileListPaths = (
				"${PODS_ROOT}/Target Support Files/Pods-SwipeCellKit-Exemple/Pods-SwipeCellKit-Exemple-frameworks-${CONFIGURATION}-input-files.xcfilelist",
			);
			name = "[CP] Embed Pods Frameworks";
			outputFileListPaths = (
				"${PODS_ROOT}/Target Support Files/Pods-SwipeCellKit-Exemple/Pods-SwipeCellKit-Exemple-frameworks-${CONFIGURATION}-output-files.xcfilelist",
			);
			runOnlyForDeploymentPostprocessing = 0;
			shellPath = /bin/sh;
			shellScript = "\"${PODS_ROOT}/Target Support Files/Pods-SwipeCellKit-Exemple/Pods-SwipeCellKit-Exemple-frameworks.sh\"\n";
			showEnvVarsInLog = 0;
		};
		A33381009094074D2B828AAC /* [CP] Check Pods Manifest.lock */ = {
			isa = PBXShellScriptBuildPhase;
			buildActionMask = 2147483647;
			files = (
			);
			inputFileListPaths = (
			);
			inputPaths = (
				"${PODS_PODFILE_DIR_PATH}/Podfile.lock",
				"${PODS_ROOT}/Manifest.lock",
			);
			name = "[CP] Check Pods Manifest.lock";
			outputFileListPaths = (
			);
			outputPaths = (
				"$(DERIVED_FILE_DIR)/Pods-SwipeCellKit-Exemple-checkManifestLockResult.txt",
			);
			runOnlyForDeploymentPostprocessing = 0;
			shellPath = /bin/sh;
			shellScript = "diff \"${PODS_PODFILE_DIR_PATH}/Podfile.lock\" \"${PODS_ROOT}/Manifest.lock\" > /dev/null\nif [ $? != 0 ] ; then\n    # print error to STDERR\n    echo \"error: The sandbox is not in sync with the Podfile.lock. Run 'pod install' or update your CocoaPods installation.\" >&2\n    exit 1\nfi\n# This output is used by Xcode 'outputs' to avoid re-running this script phase.\necho \"SUCCESS\" > \"${SCRIPT_OUTPUT_FILE_0}\"\n";
			showEnvVarsInLog = 0;
		};
/* End PBXShellScriptBuildPhase section */

/* Begin PBXSourcesBuildPhase section */
		E836860D25AE2C9E0087F4DD /* Sources */ = {
			isa = PBXSourcesBuildPhase;
			buildActionMask = 2147483647;
			files = (
				E8EB2EA425B6120400107EBF /* SwipeTableViewController.swift in Sources */,
				E836861925AE2C9E0087F4DD /* FirstViewController.swift in Sources */,
				E836861525AE2C9E0087F4DD /* AppDelegate.swift in Sources */,
				E8EB2EA625B6122D00107EBF /* SecondViewController.swift in Sources */,
				E836861725AE2C9E0087F4DD /* SceneDelegate.swift in Sources */,
			);
			runOnlyForDeploymentPostprocessing = 0;
		};
/* End PBXSourcesBuildPhase section */

/* Begin PBXVariantGroup section */
		E836861A25AE2C9E0087F4DD /* Main.storyboard */ = {
			isa = PBXVariantGroup;
			children = (
				E836861B25AE2C9E0087F4DD /* Base */,
			);
			name = Main.storyboard;
			sourceTree = "<group>";
		};
		E836861F25AE2CA00087F4DD /* LaunchScreen.storyboard */ = {
			isa = PBXVariantGroup;
			children = (
				E836862025AE2CA00087F4DD /* Base */,
			);
			name = LaunchScreen.storyboard;
			sourceTree = "<group>";
		};
/* End PBXVariantGroup section */

/* Begin XCBuildConfiguration section */
		E836862325AE2CA00087F4DD /* Debug */ = {
			isa = XCBuildConfiguration;
			buildSettings = {
				ALWAYS_SEARCH_USER_PATHS = NO;
				CLANG_ANALYZER_NONNULL = YES;
				CLANG_ANALYZER_NUMBER_OBJECT_CONVERSION = YES_AGGRESSIVE;
				CLANG_CXX_LANGUAGE_STANDARD = "gnu++14";
				CLANG_CXX_LIBRARY = "libc++";
				CLANG_ENABLE_MODULES = YES;
				CLANG_ENABLE_OBJC_ARC = YES;
				CLANG_ENABLE_OBJC_WEAK = YES;
				CLANG_WARN_BLOCK_CAPTURE_AUTORELEASING = YES;
				CLANG_WARN_BOOL_CONVERSION = YES;
				CLANG_WARN_COMMA = YES;
				CLANG_WARN_CONSTANT_CONVERSION = YES;
				CLANG_WARN_DEPRECATED_OBJC_IMPLEMENTATIONS = YES;
				CLANG_WARN_DIRECT_OBJC_ISA_USAGE = YES_ERROR;
				CLANG_WARN_DOCUMENTATION_COMMENTS = YES;
				CLANG_WARN_EMPTY_BODY = YES;
				CLANG_WARN_ENUM_CONVERSION = YES;
				CLANG_WARN_INFINITE_RECURSION = YES;
				CLANG_WARN_INT_CONVERSION = YES;
				CLANG_WARN_NON_LITERAL_NULL_CONVERSION = YES;
				CLANG_WARN_OBJC_IMPLICIT_RETAIN_SELF = YES;
				CLANG_WARN_OBJC_LITERAL_CONVERSION = YES;
				CLANG_WARN_OBJC_ROOT_CLASS = YES_ERROR;
				CLANG_WARN_RANGE_LOOP_ANALYSIS = YES;
				CLANG_WARN_STRICT_PROTOTYPES = YES;
				CLANG_WARN_SUSPICIOUS_MOVE = YES;
				CLANG_WARN_UNGUARDED_AVAILABILITY = YES_AGGRESSIVE;
				CLANG_WARN_UNREACHABLE_CODE = YES;
				CLANG_WARN__DUPLICATE_METHOD_MATCH = YES;
				COPY_PHASE_STRIP = NO;
				DEBUG_INFORMATION_FORMAT = dwarf;
				ENABLE_STRICT_OBJC_MSGSEND = YES;
				ENABLE_TESTABILITY = YES;
				GCC_C_LANGUAGE_STANDARD = gnu11;
				GCC_DYNAMIC_NO_PIC = NO;
				GCC_NO_COMMON_BLOCKS = YES;
				GCC_OPTIMIZATION_LEVEL = 0;
				GCC_PREPROCESSOR_DEFINITIONS = (
					"DEBUG=1",
					"$(inherited)",
				);
				GCC_WARN_64_TO_32_BIT_CONVERSION = YES;
				GCC_WARN_ABOUT_RETURN_TYPE = YES_ERROR;
				GCC_WARN_UNDECLARED_SELECTOR = YES;
				GCC_WARN_UNINITIALIZED_AUTOS = YES_AGGRESSIVE;
				GCC_WARN_UNUSED_FUNCTION = YES;
				GCC_WARN_UNUSED_VARIABLE = YES;
				IPHONEOS_DEPLOYMENT_TARGET = 13.6;
				MTL_ENABLE_DEBUG_INFO = INCLUDE_SOURCE;
				MTL_FAST_MATH = YES;
				ONLY_ACTIVE_ARCH = YES;
				SDKROOT = iphoneos;
				SWIFT_ACTIVE_COMPILATION_CONDITIONS = DEBUG;
				SWIFT_OPTIMIZATION_LEVEL = "-Onone";
			};
			name = Debug;
		};
		E836862425AE2CA00087F4DD /* Release */ = {
			isa = XCBuildConfiguration;
			buildSettings = {
				ALWAYS_SEARCH_USER_PATHS = NO;
				CLANG_ANALYZER_NONNULL = YES;
				CLANG_ANALYZER_NUMBER_OBJECT_CONVERSION = YES_AGGRESSIVE;
				CLANG_CXX_LANGUAGE_STANDARD = "gnu++14";
				CLANG_CXX_LIBRARY = "libc++";
				CLANG_ENABLE_MODULES = YES;
				CLANG_ENABLE_OBJC_ARC = YES;
				CLANG_ENABLE_OBJC_WEAK = YES;
				CLANG_WARN_BLOCK_CAPTURE_AUTORELEASING = YES;
				CLANG_WARN_BOOL_CONVERSION = YES;
				CLANG_WARN_COMMA = YES;
				CLANG_WARN_CONSTANT_CONVERSION = YES;
				CLANG_WARN_DEPRECATED_OBJC_IMPLEMENTATIONS = YES;
				CLANG_WARN_DIRECT_OBJC_ISA_USAGE = YES_ERROR;
				CLANG_WARN_DOCUMENTATION_COMMENTS = YES;
				CLANG_WARN_EMPTY_BODY = YES;
				CLANG_WARN_ENUM_CONVERSION = YES;
				CLANG_WARN_INFINITE_RECURSION = YES;
				CLANG_WARN_INT_CONVERSION = YES;
				CLANG_WARN_NON_LITERAL_NULL_CONVERSION = YES;
				CLANG_WARN_OBJC_IMPLICIT_RETAIN_SELF = YES;
				CLANG_WARN_OBJC_LITERAL_CONVERSION = YES;
				CLANG_WARN_OBJC_ROOT_CLASS = YES_ERROR;
				CLANG_WARN_RANGE_LOOP_ANALYSIS = YES;
				CLANG_WARN_STRICT_PROTOTYPES = YES;
				CLANG_WARN_SUSPICIOUS_MOVE = YES;
				CLANG_WARN_UNGUARDED_AVAILABILITY = YES_AGGRESSIVE;
				CLANG_WARN_UNREACHABLE_CODE = YES;
				CLANG_WARN__DUPLICATE_METHOD_MATCH = YES;
				COPY_PHASE_STRIP = NO;
				DEBUG_INFORMATION_FORMAT = "dwarf-with-dsym";
				ENABLE_NS_ASSERTIONS = NO;
				ENABLE_STRICT_OBJC_MSGSEND = YES;
				GCC_C_LANGUAGE_STANDARD = gnu11;
				GCC_NO_COMMON_BLOCKS = YES;
				GCC_WARN_64_TO_32_BIT_CONVERSION = YES;
				GCC_WARN_ABOUT_RETURN_TYPE = YES_ERROR;
				GCC_WARN_UNDECLARED_SELECTOR = YES;
				GCC_WARN_UNINITIALIZED_AUTOS = YES_AGGRESSIVE;
				GCC_WARN_UNUSED_FUNCTION = YES;
				GCC_WARN_UNUSED_VARIABLE = YES;
				IPHONEOS_DEPLOYMENT_TARGET = 13.6;
				MTL_ENABLE_DEBUG_INFO = NO;
				MTL_FAST_MATH = YES;
				SDKROOT = iphoneos;
				SWIFT_COMPILATION_MODE = wholemodule;
				SWIFT_OPTIMIZATION_LEVEL = "-O";
				VALIDATE_PRODUCT = YES;
			};
			name = Release;
		};
		E836862625AE2CA00087F4DD /* Debug */ = {
			isa = XCBuildConfiguration;
			baseConfigurationReference = 243B70CFEB656F802715E147 /* Pods-SwipeCellKit-Exemple.debug.xcconfig */;
			buildSettings = {
				ASSETCATALOG_COMPILER_APPICON_NAME = AppIcon;
				CODE_SIGN_STYLE = Automatic;
				DEVELOPMENT_TEAM = 4FGAJ25MKJ;
				INFOPLIST_FILE = "SwipeCellKit-Exemple/Info.plist";
				LD_RUNPATH_SEARCH_PATHS = (
					"$(inherited)",
					"@executable_path/Frameworks",
				);
				PRODUCT_BUNDLE_IDENTIFIER = "br.com.joao.SwipeCellKit-Exemple";
				PRODUCT_NAME = "$(TARGET_NAME)";
				SWIFT_VERSION = 5.0;
				TARGETED_DEVICE_FAMILY = "1,2";
			};
			name = Debug;
		};
		E836862725AE2CA00087F4DD /* Release */ = {
			isa = XCBuildConfiguration;
			baseConfigurationReference = B8403941399B802100414BF9 /* Pods-SwipeCellKit-Exemple.release.xcconfig */;
			buildSettings = {
				ASSETCATALOG_COMPILER_APPICON_NAME = AppIcon;
				CODE_SIGN_STYLE = Automatic;
				DEVELOPMENT_TEAM = 4FGAJ25MKJ;
				INFOPLIST_FILE = "SwipeCellKit-Exemple/Info.plist";
				LD_RUNPATH_SEARCH_PATHS = (
					"$(inherited)",
					"@executable_path/Frameworks",
				);
				PRODUCT_BUNDLE_IDENTIFIER = "br.com.joao.SwipeCellKit-Exemple";
				PRODUCT_NAME = "$(TARGET_NAME)";
				SWIFT_VERSION = 5.0;
				TARGETED_DEVICE_FAMILY = "1,2";
			};
			name = Release;
		};
/* End XCBuildConfiguration section */

/* Begin XCConfigurationList section */
		E836860C25AE2C9E0087F4DD /* Build configuration list for PBXProject "SwipeCellKit-Exemple" */ = {
			isa = XCConfigurationList;
			buildConfigurations = (
				E836862325AE2CA00087F4DD /* Debug */,
				E836862425AE2CA00087F4DD /* Release */,
			);
			defaultConfigurationIsVisible = 0;
			defaultConfigurationName = Release;
		};
		E836862525AE2CA00087F4DD /* Build configuration list for PBXNativeTarget "SwipeCellKit-Exemple" */ = {
			isa = XCConfigurationList;
			buildConfigurations = (
				E836862625AE2CA00087F4DD /* Debug */,
				E836862725AE2CA00087F4DD /* Release */,
			);
			defaultConfigurationIsVisible = 0;
			defaultConfigurationName = Release;
		};
/* End XCConfigurationList section */
	};
	rootObject = E836860925AE2C9E0087F4DD /* Project object */;
}
